
Microsoft Visual Studio Solution File, Format Version 12.00
# Visual Studio 2013
VisualStudioVersion = 12.0.30501.0
MinimumVisualStudioVersion = 10.0.40219.1
Project("{FAE04EC0-301F-11D3-BF4B-00C04F79EFBC}") = "Lab5", "Lab5\Lab5.csproj", "{90B7031C-22AB-4DFE-BD02-841F84A66FD7}"
EndProject
Project("{2150E333-8FDC-42A3-9474-1A3956D46DE8}") = "Solution Items", "Solution Items", "{74DE34AF-9BF5-4A1E-B301-1B63FC20A765}"
EndProject
Global
	GlobalSection(SolutionConfigurationPlatforms) = preSolution
		Debug|Any CPU = Debug|Any CPU
		Release|Any CPU = Release|Any CPU
	EndGlobalSection
	GlobalSection(ProjectConfigurationPlatforms) = postSolution
		{90B7031C-22AB-4DFE-BD02-841F84A66FD7}.Debug|Any CPU.ActiveCfg = Debug|Any CPU
		{90B7031C-22AB-4DFE-BD02-841F84A66FD7}.Debug|Any CPU.Build.0 = Debug|Any CPU
		{90B7031C-22AB-4DFE-BD02-841F84A66FD7}.Release|Any CPU.ActiveCfg = Release|Any CPU
		{90B7031C-22AB-4DFE-BD02-841F84A66FD7}.Release|Any CPU.Build.0 = Release|Any CPU
	EndGlobalSection
	GlobalSection(SolutionProperties) = preSolution
		HideSolutionNode = FALSE
	EndGlobalSection
	GlobalSection(ExtensibilityGlobals) = postSolution
		EnterpriseLibraryConfigurationToolBinariesPath = packages\Unity.2.1.505.2\lib\NET35
	EndGlobalSection
EndGlobal
